
Microsoft Visual Studio Solution File, Format Version 12.00
# Visual Studio Version 17
VisualStudioVersion = 17.2.32616.157
MinimumVisualStudioVersion = 10.0.40219.1
Project("{9A19103F-16F7-4668-BE54-9A1E7A4F7556}") = "BaseProject", "DesignPatterns\BaseProject.csproj", "{82592ED1-5EE2-4BBB-A05D-55DAD75ED53F}"
EndProject
Project("{9A19103F-16F7-4668-BE54-9A1E7A4F7556}") = "WebApp.Strategy", "WebApp.Strategy\WebApp.Strategy.csproj", "{F4411422-B214-400F-BB8C-86D59AE035A3}"
EndProject
Project("{9A19103F-16F7-4668-BE54-9A1E7A4F7556}") = "WebApp.Template", "WebApp.Template\WebApp.Template.csproj", "{218E48A9-7F11-4082-8A7F-E15BD0E0010A}"
EndProject
Project("{9A19103F-16F7-4668-BE54-9A1E7A4F7556}") = "WebApp.Command", "WebApp.Command\WebApp.Command.csproj", "{7F40A3DC-ACF3-4890-923C-A1DDEA24F3FC}"
EndProject
Project("{9A19103F-16F7-4668-BE54-9A1E7A4F7556}") = "WebApp.Observer", "WebApp.Observer\WebApp.Observer.csproj", "{FD7C67C1-62B7-4942-830D-2D448FF32F09}"
EndProject
Project("{9A19103F-16F7-4668-BE54-9A1E7A4F7556}") = "WebApp.ChainOfResponsibility", "WebApp.ChainOfResponsibility\WebApp.ChainOfResponsibility.csproj", "{3D7355E2-FBE9-472B-8DDF-D340317D5802}"
EndProject
Global
	GlobalSection(SolutionConfigurationPlatforms) = preSolution
		Debug|Any CPU = Debug|Any CPU
		Release|Any CPU = Release|Any CPU
	EndGlobalSection
	GlobalSection(ProjectConfigurationPlatforms) = postSolution
		{82592ED1-5EE2-4BBB-A05D-55DAD75ED53F}.Debug|Any CPU.ActiveCfg = Debug|Any CPU
		{82592ED1-5EE2-4BBB-A05D-55DAD75ED53F}.Debug|Any CPU.Build.0 = Debug|Any CPU
		{82592ED1-5EE2-4BBB-A05D-55DAD75ED53F}.Release|Any CPU.ActiveCfg = Release|Any CPU
		{82592ED1-5EE2-4BBB-A05D-55DAD75ED53F}.Release|Any CPU.Build.0 = Release|Any CPU
		{F4411422-B214-400F-BB8C-86D59AE035A3}.Debug|Any CPU.ActiveCfg = Debug|Any CPU
		{F4411422-B214-400F-BB8C-86D59AE035A3}.Debug|Any CPU.Build.0 = Debug|Any CPU
		{F4411422-B214-400F-BB8C-86D59AE035A3}.Release|Any CPU.ActiveCfg = Release|Any CPU
		{F4411422-B214-400F-BB8C-86D59AE035A3}.Release|Any CPU.Build.0 = Release|Any CPU
		{218E48A9-7F11-4082-8A7F-E15BD0E0010A}.Debug|Any CPU.ActiveCfg = Debug|Any CPU
		{218E48A9-7F11-4082-8A7F-E15BD0E0010A}.Debug|Any CPU.Build.0 = Debug|Any CPU
		{218E48A9-7F11-4082-8A7F-E15BD0E0010A}.Release|Any CPU.ActiveCfg = Release|Any CPU
		{218E48A9-7F11-4082-8A7F-E15BD0E0010A}.Release|Any CPU.Build.0 = Release|Any CPU
		{7F40A3DC-ACF3-4890-923C-A1DDEA24F3FC}.Debug|Any CPU.ActiveCfg = Debug|Any CPU
		{7F40A3DC-ACF3-4890-923C-A1DDEA24F3FC}.Debug|Any CPU.Build.0 = Debug|Any CPU
		{7F40A3DC-ACF3-4890-923C-A1DDEA24F3FC}.Release|Any CPU.ActiveCfg = Release|Any CPU
		{7F40A3DC-ACF3-4890-923C-A1DDEA24F3FC}.Release|Any CPU.Build.0 = Release|Any CPU
		{FD7C67C1-62B7-4942-830D-2D448FF32F09}.Debug|Any CPU.ActiveCfg = Debug|Any CPU
		{FD7C67C1-62B7-4942-830D-2D448FF32F09}.Debug|Any CPU.Build.0 = Debug|Any CPU
		{FD7C67C1-62B7-4942-830D-2D448FF32F09}.Release|Any CPU.ActiveCfg = Release|Any CPU
		{FD7C67C1-62B7-4942-830D-2D448FF32F09}.Release|Any CPU.Build.0 = Release|Any CPU
		{3D7355E2-FBE9-472B-8DDF-D340317D5802}.Debug|Any CPU.ActiveCfg = Debug|Any CPU
		{3D7355E2-FBE9-472B-8DDF-D340317D5802}.Debug|Any CPU.Build.0 = Debug|Any CPU
		{3D7355E2-FBE9-472B-8DDF-D340317D5802}.Release|Any CPU.ActiveCfg = Release|Any CPU
		{3D7355E2-FBE9-472B-8DDF-D340317D5802}.Release|Any CPU.Build.0 = Release|Any CPU
	EndGlobalSection
	GlobalSection(SolutionProperties) = preSolution
		HideSolutionNode = FALSE
	EndGlobalSection
	GlobalSection(ExtensibilityGlobals) = postSolution
		SolutionGuid = {927EC48C-5ED7-4818-850A-3D3C2117C646}
	EndGlobalSection
EndGlobal
